// !$*UTF8*$!
{
	archiveVersion = 1;
	classes = {
	};
	objectVersion = 50;
	objects = {

/* Begin PBXBuildFile section */
		37EF4D152615ABFC003B0EA0 /* AppDelegate.swift in Sources */ = {isa = PBXBuildFile; fileRef = 37EF4D142615ABFC003B0EA0 /* AppDelegate.swift */; };
		37EF4D172615ABFC003B0EA0 /* SceneDelegate.swift in Sources */ = {isa = PBXBuildFile; fileRef = 37EF4D162615ABFC003B0EA0 /* SceneDelegate.swift */; };
		37EF4D192615ABFC003B0EA0 /* ViewController.swift in Sources */ = {isa = PBXBuildFile; fileRef = 37EF4D182615ABFC003B0EA0 /* ViewController.swift */; };
		37EF4D1C2615ABFC003B0EA0 /* Main.storyboard in Resources */ = {isa = PBXBuildFile; fileRef = 37EF4D1A2615ABFC003B0EA0 /* Main.storyboard */; };
		37EF4D1E2615AC01003B0EA0 /* Assets.xcassets in Resources */ = {isa = PBXBuildFile; fileRef = 37EF4D1D2615AC01003B0EA0 /* Assets.xcassets */; };
		37EF4D212615AC01003B0EA0 /* LaunchScreen.storyboard in Resources */ = {isa = PBXBuildFile; fileRef = 37EF4D1F2615AC01003B0EA0 /* LaunchScreen.storyboard */; };
/* End PBXBuildFile section */

/* Begin PBXFileReference section */
		37EF4D112615ABFC003B0EA0 /* ProtocolBasicApp.app */ = {isa = PBXFileReference; explicitFileType = wrapper.application; includeInIndex = 0; path = ProtocolBasicApp.app; sourceTree = BUILT_PRODUCTS_DIR; };
		37EF4D142615ABFC003B0EA0 /* AppDelegate.swift */ = {isa = PBXFileReference; lastKnownFileType = sourcecode.swift; path = AppDelegate.swift; sourceTree = "<group>"; };
		37EF4D162615ABFC003B0EA0 /* SceneDelegate.swift */ = {isa = PBXFileReference; lastKnownFileType = sourcecode.swift; path = SceneDelegate.swift; sourceTree = "<group>"; };
		37EF4D182615ABFC003B0EA0 /* ViewController.swift */ = {isa = PBXFileReference; lastKnownFileType = sourcecode.swift; path = ViewController.swift; sourceTree = "<group>"; };
		37EF4D1B2615ABFC003B0EA0 /* Base */ = {isa = PBXFileReference; lastKnownFileType = file.storyboard; name = Base; path = Base.lproj/Main.storyboard; sourceTree = "<group>"; };
		37EF4D1D2615AC01003B0EA0 /* Assets.xcassets */ = {isa = PBXFileReference; lastKnownFileType = folder.assetcatalog; path = Assets.xcassets; sourceTree = "<group>"; };
		37EF4D202615AC01003B0EA0 /* Base */ = {isa = PBXFileReference; lastKnownFileType = file.storyboard; name = Base; path = Base.lproj/LaunchScreen.storyboard; sourceTree = "<group>"; };
		37EF4D222615AC01003B0EA0 /* Info.plist */ = {isa = PBXFileReference; lastKnownFileType = text.plist.xml; path = Info.plist; sourceTree = "<group>"; };
/* End PBXFileReference section */

/* Begin PBXFrameworksBuildPhase section */
		37EF4D0E2615ABFC003B0EA0 /* Frameworks */ = {
			isa = PBXFrameworksBuildPhase;
			buildActionMask = 2147483647;
			files = (
			);
			runOnlyForDeploymentPostprocessing = 0;
		};
/* End PBXFrameworksBuildPhase section */

/* Begin PBXGroup section */
		37EF4D082615ABFC003B0EA0 = {
			isa = PBXGroup;
			children = (
				37EF4D132615ABFC003B0EA0 /* ProtocolBasicApp */,
				37EF4D122615ABFC003B0EA0 /* Products */,
			);
			sourceTree = "<group>";
		};
		37EF4D122615ABFC003B0EA0 /* Products */ = {
			isa = PBXGroup;
			children = (
				37EF4D112615ABFC003B0EA0 /* ProtocolBasicApp.app */,
			);
			name = Products;
			sourceTree = "<group>";
		};
		37EF4D132615ABFC003B0EA0 /* ProtocolBasicApp */ = {
			isa = PBXGroup;
			children = (
				37EF4D142615ABFC003B0EA0 /* AppDelegate.swift */,
				37EF4D162615ABFC003B0EA0 /* SceneDelegate.swift */,
				37EF4D182615ABFC003B0EA0 /* ViewController.swift */,
				37EF4D1A2615ABFC003B0EA0 /* Main.storyboard */,
				37EF4D1D2615AC01003B0EA0 /* Assets.xcassets */,
				37EF4D1F2615AC01003B0EA0 /* LaunchScreen.storyboard */,
				37EF4D222615AC01003B0EA0 /* Info.plist */,
			);
			path = ProtocolBasicApp;
			sourceTree = "<group>";
		};
/* End PBXGroup section */

/* Begin PBXNativeTarget section */
		37EF4D102615ABFC003B0EA0 /* ProtocolBasicApp */ = {
			isa = PBXNativeTarget;
			buildConfigurationList = 37EF4D252615AC01003B0EA0 /* Build configuration list for PBXNativeTarget "ProtocolBasicApp" */;
			buildPhases = (
				37EF4D0D2615ABFC003B0EA0 /* Sources */,
				37EF4D0E2615ABFC003B0EA0 /* Frameworks */,
				37EF4D0F2615ABFC003B0EA0 /* Resources */,
			);
			buildRules = (
			);
			dependencies = (
			);
			name = ProtocolBasicApp;
			productName = ProtocolBasicApp;
			productReference = 37EF4D112615ABFC003B0EA0 /* ProtocolBasicApp.app */;
			productType = "com.apple.product-type.application";
		};
/* End PBXNativeTarget section */

/* Begin PBXProject section */
		37EF4D092615ABFC003B0EA0 /* Project object */ = {
			isa = PBXProject;
			attributes = {
				LastSwiftUpdateCheck = 1240;
				LastUpgradeCheck = 1240;
				TargetAttributes = {
					37EF4D102615ABFC003B0EA0 = {
						CreatedOnToolsVersion = 12.4;
					};
				};
			};
			buildConfigurationList = 37EF4D0C2615ABFC003B0EA0 /* Build configuration list for PBXProject "ProtocolBasicApp" */;
			compatibilityVersion = "Xcode 9.3";
			developmentRegion = en;
			hasScannedForEncodings = 0;
			knownRegions = (
				en,
				Base,
			);
			mainGroup = 37EF4D082615ABFC003B0EA0;
			productRefGroup = 37EF4D122615ABFC003B0EA0 /* Products */;
			projectDirPath = "";
			projectRoot = "";
			targets = (
				37EF4D102615ABFC003B0EA0 /* ProtocolBasicApp */,
			);
		};
/* End PBXProject section */

/* Begin PBXResourcesBuildPhase section */
		37EF4D0F2615ABFC003B0EA0 /* Resources */ = {
			isa = PBXResourcesBuildPhase;
			buildActionMask = 2147483647;
			files = (
				37EF4D212615AC01003B0EA0 /* LaunchScreen.storyboard in Resources */,
				37EF4D1E2615AC01003B0EA0 /* Assets.xcassets in Resources */,
				37EF4D1C2615ABFC003B0EA0 /* Main.storyboard in Resources */,
			);
			runOnlyForDeploymentPostprocessing = 0;
		};
/* End PBXResourcesBuildPhase section */

/* Begin PBXSourcesBuildPhase section */
		37EF4D0D2615ABFC003B0EA0 /* Sources */ = {
			isa = PBXSourcesBuildPhase;
			buildActionMask = 2147483647;
			files = (
				37EF4D192615ABFC003B0EA0 /* ViewController.swift in Sources */,
				37EF4D152615ABFC003B0EA0 /* AppDelegate.swift in Sources */,
				37EF4D172615ABFC003B0EA0 /* SceneDelegate.swift in Sources */,
			);
			runOnlyForDeploymentPostprocessing = 0;
		};
/* End PBXSourcesBuildPhase section */

/* Begin PBXVariantGroup section */
		37EF4D1A2615ABFC003B0EA0 /* Main.storyboard */ = {
			isa = PBXVariantGroup;
			children = (
				37EF4D1B2615ABFC003B0EA0 /* Base */,
			);
			name = Main.storyboard;
			sourceTree = "<group>";
		};
		37EF4D1F2615AC01003B0EA0 /* LaunchScreen.storyboard */ = {
			isa = PBXVariantGroup;
			children = (
				37EF4D202615AC01003B0EA0 /* Base */,
			);
			name = LaunchScreen.storyboard;
			sourceTree = "<group>";
		};
/* End PBXVariantGroup section */

/* Begin XCBuildConfiguration section */
		37EF4D232615AC01003B0EA0 /* Debug */ = {
			isa = XCBuildConfiguration;
			buildSettings = {
				ALWAYS_SEARCH_USER_PATHS = NO;
				CLANG_ANALYZER_NONNULL = YES;
				CLANG_ANALYZER_NUMBER_OBJECT_CONVERSION = YES_AGGRESSIVE;
				CLANG_CXX_LANGUAGE_STANDARD = "gnu++14";
				CLANG_CXX_LIBRARY = "libc++";
				CLANG_ENABLE_MODULES = YES;
				CLANG_ENABLE_OBJC_ARC = YES;
				CLANG_ENABLE_OBJC_WEAK = YES;
				CLANG_WARN_BLOCK_CAPTURE_AUTORELEASING = YES;
				CLANG_WARN_BOOL_CONVERSION = YES;
				CLANG_WARN_COMMA = YES;
				CLANG_WARN_CONSTANT_CONVERSION = YES;
				CLANG_WARN_DEPRECATED_OBJC_IMPLEMENTATIONS = YES;
				CLANG_WARN_DIRECT_OBJC_ISA_USAGE = YES_ERROR;
				CLANG_WARN_DOCUMENTATION_COMMENTS = YES;
				CLANG_WARN_EMPTY_BODY = YES;
				CLANG_WARN_ENUM_CONVERSION = YES;
				CLANG_WARN_INFINITE_RECURSION = YES;
				CLANG_WARN_INT_CONVERSION = YES;
				CLANG_WARN_NON_LITERAL_NULL_CONVERSION = YES;
				CLANG_WARN_OBJC_IMPLICIT_RETAIN_SELF = YES;
				CLANG_WARN_OBJC_LITERAL_CONVERSION = YES;
				CLANG_WARN_OBJC_ROOT_CLASS = YES_ERROR;
				CLANG_WARN_QUOTED_INCLUDE_IN_FRAMEWORK_HEADER = YES;
				CLANG_WARN_RANGE_LOOP_ANALYSIS = YES;
				CLANG_WARN_STRICT_PROTOTYPES = YES;
				CLANG_WARN_SUSPICIOUS_MOVE = YES;
				CLANG_WARN_UNGUARDED_AVAILABILITY = YES_AGGRESSIVE;
				CLANG_WARN_UNREACHABLE_CODE = YES;
				CLANG_WARN__DUPLICATE_METHOD_MATCH = YES;
				COPY_PHASE_STRIP = NO;
				DEBUG_INFORMATION_FORMAT = dwarf;
				ENABLE_STRICT_OBJC_MSGSEND = YES;
				ENABLE_TESTABILITY = YES;
				GCC_C_LANGUAGE_STANDARD = gnu11;
				GCC_DYNAMIC_NO_PIC = NO;
				GCC_NO_COMMON_BLOCKS = YES;
				GCC_OPTIMIZATION_LEVEL = 0;
				GCC_PREPROCESSOR_DEFINITIONS = (
					"DEBUG=1",
					"$(inherited)",
				);
				GCC_WARN_64_TO_32_BIT_CONVERSION = YES;
				GCC_WARN_ABOUT_RETURN_TYPE = YES_ERROR;
				GCC_WARN_UNDECLARED_SELECTOR = YES;
				GCC_WARN_UNINITIALIZED_AUTOS = YES_AGGRESSIVE;
				GCC_WARN_UNUSED_FUNCTION = YES;
				GCC_WARN_UNUSED_VARIABLE = YES;
				IPHONEOS_DEPLOYMENT_TARGET = 14.4;
				MTL_ENABLE_DEBUG_INFO = INCLUDE_SOURCE;
				MTL_FAST_MATH = YES;
				ONLY_ACTIVE_ARCH = YES;
				SDKROOT = iphoneos;
				SWIFT_ACTIVE_COMPILATION_CONDITIONS = DEBUG;
				SWIFT_OPTIMIZATION_LEVEL = "-Onone";
			};
			name = Debug;
		};
		37EF4D242615AC01003B0EA0 /* Release */ = {
			isa = XCBuildConfiguration;
			buildSettings = {
				ALWAYS_SEARCH_USER_PATHS = NO;
				CLANG_ANALYZER_NONNULL = YES;
				CLANG_ANALYZER_NUMBER_OBJECT_CONVERSION = YES_AGGRESSIVE;
				CLANG_CXX_LANGUAGE_STANDARD = "gnu++14";
				CLANG_CXX_LIBRARY = "libc++";
				CLANG_ENABLE_MODULES = YES;
				CLANG_ENABLE_OBJC_ARC = YES;
				CLANG_ENABLE_OBJC_WEAK = YES;
				CLANG_WARN_BLOCK_CAPTURE_AUTORELEASING = YES;
				CLANG_WARN_BOOL_CONVERSION = YES;
				CLANG_WARN_COMMA = YES;
				CLANG_WARN_CONSTANT_CONVERSION = YES;
				CLANG_WARN_DEPRECATED_OBJC_IMPLEMENTATIONS = YES;
				CLANG_WARN_DIRECT_OBJC_ISA_USAGE = YES_ERROR;
				CLANG_WARN_DOCUMENTATION_COMMENTS = YES;
				CLANG_WARN_EMPTY_BODY = YES;
				CLANG_WARN_ENUM_CONVERSION = YES;
				CLANG_WARN_INFINITE_RECURSION = YES;
				CLANG_WARN_INT_CONVERSION = YES;
				CLANG_WARN_NON_LITERAL_NULL_CONVERSION = YES;
				CLANG_WARN_OBJC_IMPLICIT_RETAIN_SELF = YES;
				CLANG_WARN_OBJC_LITERAL_CONVERSION = YES;
				CLANG_WARN_OBJC_ROOT_CLASS = YES_ERROR;
				CLANG_WARN_QUOTED_INCLUDE_IN_FRAMEWORK_HEADER = YES;
				CLANG_WARN_RANGE_LOOP_ANALYSIS = YES;
				CLANG_WARN_STRICT_PROTOTYPES = YES;
				CLANG_WARN_SUSPICIOUS_MOVE = YES;
				CLANG_WARN_UNGUARDED_AVAILABILITY = YES_AGGRESSIVE;
				CLANG_WARN_UNREACHABLE_CODE = YES;
				CLANG_WARN__DUPLICATE_METHOD_MATCH = YES;
				COPY_PHASE_STRIP = NO;
				DEBUG_INFORMATION_FORMAT = "dwarf-with-dsym";
				ENABLE_NS_ASSERTIONS = NO;
				ENABLE_STRICT_OBJC_MSGSEND = YES;
				GCC_C_LANGUAGE_STANDARD = gnu11;
				GCC_NO_COMMON_BLOCKS = YES;
				GCC_WARN_64_TO_32_BIT_CONVERSION = YES;
				GCC_WARN_ABOUT_RETURN_TYPE = YES_ERROR;
				GCC_WARN_UNDECLARED_SELECTOR = YES;
				GCC_WARN_UNINITIALIZED_AUTOS = YES_AGGRESSIVE;
				GCC_WARN_UNUSED_FUNCTION = YES;
				GCC_WARN_UNUSED_VARIABLE = YES;
				IPHONEOS_DEPLOYMENT_TARGET = 14.4;
				MTL_ENABLE_DEBUG_INFO = NO;
				MTL_FAST_MATH = YES;
				SDKROOT = iphoneos;
				SWIFT_COMPILATION_MODE = wholemodule;
				SWIFT_OPTIMIZATION_LEVEL = "-O";
				VALIDATE_PRODUCT = YES;
			};
			name = Release;
		};
		37EF4D262615AC01003B0EA0 /* Debug */ = {
			isa = XCBuildConfiguration;
			buildSettings = {
				ASSETCATALOG_COMPILER_APPICON_NAME = AppIcon;
				ASSETCATALOG_COMPILER_GLOBAL_ACCENT_COLOR_NAME = AccentColor;
				CODE_SIGN_STYLE = Automatic;
				DEVELOPMENT_TEAM = 84D3UXJHRM;
				INFOPLIST_FILE = ProtocolBasicApp/Info.plist;
				LD_RUNPATH_SEARCH_PATHS = (
					"$(inherited)",
					"@executable_path/Frameworks",
				);
				PRODUCT_BUNDLE_IDENTIFIER = com.kenta.ProtocolBasicApp;
				PRODUCT_NAME = "$(TARGET_NAME)";
				SWIFT_VERSION = 5.0;
				TARGETED_DEVICE_FAMILY = "1,2";
			};
			name = Debug;
		};
		37EF4D272615AC01003B0EA0 /* Release */ = {
			isa = XCBuildConfiguration;
			buildSettings = {
				ASSETCATALOG_COMPILER_APPICON_NAME = AppIcon;
				ASSETCATALOG_COMPILER_GLOBAL_ACCENT_COLOR_NAME = AccentColor;
				CODE_SIGN_STYLE = Automatic;
				DEVELOPMENT_TEAM = 84D3UXJHRM;
				INFOPLIST_FILE = ProtocolBasicApp/Info.plist;
				LD_RUNPATH_SEARCH_PATHS = (
					"$(inherited)",
					"@executable_path/Frameworks",
				);
				PRODUCT_BUNDLE_IDENTIFIER = com.kenta.ProtocolBasicApp;
				PRODUCT_NAME = "$(TARGET_NAME)";
				SWIFT_VERSION = 5.0;
				TARGETED_DEVICE_FAMILY = "1,2";
			};
			name = Release;
		};
/* End XCBuildConfiguration section */

/* Begin XCConfigurationList section */
		37EF4D0C2615ABFC003B0EA0 /* Build configuration list for PBXProject "ProtocolBasicApp" */ = {
			isa = XCConfigurationList;
			buildConfigurations = (
				37EF4D232615AC01003B0EA0 /* Debug */,
				37EF4D242615AC01003B0EA0 /* Release */,
			);
			defaultConfigurationIsVisible = 0;
			defaultConfigurationName = Release;
		};
		37EF4D252615AC01003B0EA0 /* Build configuration list for PBXNativeTarget "ProtocolBasicApp" */ = {
			isa = XCConfigurationList;
			buildConfigurations = (
				37EF4D262615AC01003B0EA0 /* Debug */,
				37EF4D272615AC01003B0EA0 /* Release */,
			);
			defaultConfigurationIsVisible = 0;
			defaultConfigurationName = Release;
		};
/* End XCConfigurationList section */
	};
	rootObject = 37EF4D092615ABFC003B0EA0 /* Project object */;
}
